# This file is automatically @generated by Cargo.
# It is not intended for manual editing.
version = 4

[[package]]
name = "raiz-cli"
version = "0.0.1"
dependencies = [
 "raiz-core",
 "raiz-interpreter",
]

[[package]]
name = "raiz-core"
version = "0.0.1"

[[package]]
name = "raiz-interpreter"
version = "0.0.1"
dependencies = [
 "raiz-core",
 "raiz-parser",
]

[[package]]
name = "raiz-parser"
version = "0.0.2"
dependencies = [
 "raiz-core",
]
